
Microsoft Visual Studio Solution File, Format Version 12.00
# Visual Studio Version 16
VisualStudioVersion = 16.0.29519.87
MinimumVisualStudioVersion = 10.0.40219.1
Project("{FAE04EC0-301F-11D3-BF4B-00C04F79EFBC}") = "DICOMcloudUploader", "DICOMcloudUploader.csproj", "{300479BD-D375-4AAA-88A4-F383D505CAE5}"
EndProject
Global
	GlobalSection(SolutionConfigurationPlatforms) = preSolution
		Debug|Any CPU = Debug|Any CPU
		Release|Any CPU = Release|Any CPU
	EndGlobalSection
	GlobalSection(ProjectConfigurationPlatforms) = postSolution
		{300479BD-D375-4AAA-88A4-F383D505CAE5}.Debug|Any CPU.ActiveCfg = Debug|Any CPU
		{300479BD-D375-4AAA-88A4-F383D505CAE5}.Debug|Any CPU.Build.0 = Debug|Any CPU
		{300479BD-D375-4AAA-88A4-F383D505CAE5}.Release|Any CPU.ActiveCfg = Release|Any CPU
		{300479BD-D375-4AAA-88A4-F383D505CAE5}.Release|Any CPU.Build.0 = Release|Any CPU
	EndGlobalSection
	GlobalSection(SolutionProperties) = preSolution
		HideSolutionNode = FALSE
	EndGlobalSection
	GlobalSection(ExtensibilityGlobals) = postSolution
		SolutionGuid = {5953F0E2-8380-4C57-9CB1-86683015BEDE}
	EndGlobalSection
EndGlobal
